// !$*UTF8*$!
{
	archiveVersion = 1;
	classes = {
	};
	objectVersion = 46;
	objects = {

/* Begin PBXAggregateTarget section */
		C517F0571915388D00ED3E07 /* Mogenerator */ = {
			isa = PBXAggregateTarget;
			buildConfigurationList = C517F0581915388D00ED3E07 /* Build configuration list for PBXAggregateTarget "Mogenerator" */;
			buildPhases = (
				C517F05B191538B500ED3E07 /* ShellScript */,
			);
			dependencies = (
			);
			name = Mogenerator;
			productName = Mogenerator;
		};
/* End PBXAggregateTarget section */

/* Begin PBXBuildFile section */
		34955CD29975477FAC2BC405 /* libPods.a in Frameworks */ = {isa = PBXBuildFile; fileRef = 2184D228FEE84A2D91775A7D /* libPods.a */; };
		C517F01519150C2C00ED3E07 /* Foundation.framework in Frameworks */ = {isa = PBXBuildFile; fileRef = C517F01419150C2C00ED3E07 /* Foundation.framework */; };
		C517F01719150C2C00ED3E07 /* CoreGraphics.framework in Frameworks */ = {isa = PBXBuildFile; fileRef = C517F01619150C2C00ED3E07 /* CoreGraphics.framework */; };
		C517F01919150C2C00ED3E07 /* UIKit.framework in Frameworks */ = {isa = PBXBuildFile; fileRef = C517F01819150C2C00ED3E07 /* UIKit.framework */; };
		C517F01F19150C2C00ED3E07 /* InfoPlist.strings in Resources */ = {isa = PBXBuildFile; fileRef = C517F01D19150C2C00ED3E07 /* InfoPlist.strings */; };
		C517F02119150C2C00ED3E07 /* main.m in Sources */ = {isa = PBXBuildFile; fileRef = C517F02019150C2C00ED3E07 /* main.m */; };
		C517F02519150C2C00ED3E07 /* DAAppDelegate.m in Sources */ = {isa = PBXBuildFile; fileRef = C517F02419150C2C00ED3E07 /* DAAppDelegate.m */; };
		C517F02819150C2C00ED3E07 /* Main_iPhone.storyboard in Resources */ = {isa = PBXBuildFile; fileRef = C517F02619150C2C00ED3E07 /* Main_iPhone.storyboard */; };
		C517F02B19150C2C00ED3E07 /* Main_iPad.storyboard in Resources */ = {isa = PBXBuildFile; fileRef = C517F02919150C2C00ED3E07 /* Main_iPad.storyboard */; };
		C517F02E19150C2C00ED3E07 /* DAIntroductionVC.m in Sources */ = {isa = PBXBuildFile; fileRef = C517F02D19150C2C00ED3E07 /* DAIntroductionVC.m */; };
		C517F03019150C2C00ED3E07 /* Images.xcassets in Resources */ = {isa = PBXBuildFile; fileRef = C517F02F19150C2C00ED3E07 /* Images.xcassets */; };
		C517F03719150C2C00ED3E07 /* XCTest.framework in Frameworks */ = {isa = PBXBuildFile; fileRef = C517F03619150C2C00ED3E07 /* XCTest.framework */; };
		C517F03819150C2C00ED3E07 /* Foundation.framework in Frameworks */ = {isa = PBXBuildFile; fileRef = C517F01419150C2C00ED3E07 /* Foundation.framework */; };
		C517F03919150C2C00ED3E07 /* UIKit.framework in Frameworks */ = {isa = PBXBuildFile; fileRef = C517F01819150C2C00ED3E07 /* UIKit.framework */; };
		C517F04119150C2C00ED3E07 /* InfoPlist.strings in Resources */ = {isa = PBXBuildFile; fileRef = C517F03F19150C2C00ED3E07 /* InfoPlist.strings */; };
		C517F04319150C2C00ED3E07 /* scanBillsTests.m in Sources */ = {isa = PBXBuildFile; fileRef = C517F04219150C2C00ED3E07 /* scanBillsTests.m */; };
		C517F05019150F7300ED3E07 /* DAImageCaptureVC.m in Sources */ = {isa = PBXBuildFile; fileRef = C517F04F19150F7300ED3E07 /* DAImageCaptureVC.m */; };
		C517F0561915298600ED3E07 /* AVFoundation.framework in Frameworks */ = {isa = PBXBuildFile; fileRef = C517F0551915298600ED3E07 /* AVFoundation.framework */; };
		C517F0651915594B00ED3E07 /* scanBills.xcdatamodeld in Sources */ = {isa = PBXBuildFile; fileRef = C517F0631915594B00ED3E07 /* scanBills.xcdatamodeld */; };
		C517F06819159CE000ED3E07 /* DASaveMyBillsVC.m in Sources */ = {isa = PBXBuildFile; fileRef = C517F06719159CE000ED3E07 /* DASaveMyBillsVC.m */; };
		C517F0711916BC7D00ED3E07 /* _Bills.m in Sources */ = {isa = PBXBuildFile; fileRef = C517F06A1916BC7D00ED3E07 /* _Bills.m */; };
		C517F0721916BC7D00ED3E07 /* _StoreMaster.m in Sources */ = {isa = PBXBuildFile; fileRef = C517F06C1916BC7D00ED3E07 /* _StoreMaster.m */; };
		C517F0731916BC7D00ED3E07 /* Bills.m in Sources */ = {isa = PBXBuildFile; fileRef = C517F06E1916BC7D00ED3E07 /* Bills.m */; };
		C517F0741916BC7D00ED3E07 /* StoreMaster.m in Sources */ = {isa = PBXBuildFile; fileRef = C517F0701916BC7D00ED3E07 /* StoreMaster.m */; };
		C517F0771917974F00ED3E07 /* DACoreDataHandler.m in Sources */ = {isa = PBXBuildFile; fileRef = C517F0761917974F00ED3E07 /* DACoreDataHandler.m */; };
		C5A82E47191F63E500F4D9AB /* NSManagedObjectContext+ContextSwitching.m in Sources */ = {isa = PBXBuildFile; fileRef = C5A82E45191F63E400F4D9AB /* NSManagedObjectContext+ContextSwitching.m */; };
		C5A82E4A191F708700F4D9AB /* DAStoreListVC.m in Sources */ = {isa = PBXBuildFile; fileRef = C5A82E49191F708700F4D9AB /* DAStoreListVC.m */; };
		C5A82E4D191F9C6E00F4D9AB /* DAShowAlert.m in Sources */ = {isa = PBXBuildFile; fileRef = C5A82E4C191F9C6E00F4D9AB /* DAShowAlert.m */; };
		C5A82E50191FDC5B00F4D9AB /* DABillDetailVC.m in Sources */ = {isa = PBXBuildFile; fileRef = C5A82E4F191FDC5B00F4D9AB /* DABillDetailVC.m */; };
		C5C84F5D19216739009221F4 /* Placeholder.png in Resources */ = {isa = PBXBuildFile; fileRef = C5C84F5C19216739009221F4 /* Placeholder.png */; };
		C5C84F601923FAA0009221F4 /* DASingleViewDetailVC.m in Sources */ = {isa = PBXBuildFile; fileRef = C5C84F5F1923FAA0009221F4 /* DASingleViewDetailVC.m */; };
		C5C84F64192779E1009221F4 /* photo-frame-2.png in Resources */ = {isa = PBXBuildFile; fileRef = C5C84F61192779E1009221F4 /* photo-frame-2.png */; };
		C5C84F65192779E1009221F4 /* photo-frame.png in Resources */ = {isa = PBXBuildFile; fileRef = C5C84F62192779E1009221F4 /* photo-frame.png */; };
		C5C84F66192779E1009221F4 /* pic_frame.png in Resources */ = {isa = PBXBuildFile; fileRef = C5C84F63192779E1009221F4 /* pic_frame.png */; };
		C5C84F6819277B19009221F4 /* footer_banner.png in Resources */ = {isa = PBXBuildFile; fileRef = C5C84F6719277B19009221F4 /* footer_banner.png */; };
		C5C84F6B19278105009221F4 /* DABillViewCell.m in Sources */ = {isa = PBXBuildFile; fileRef = C5C84F6A19278105009221F4 /* DABillViewCell.m */; };
/* End PBXBuildFile section */

/* Begin PBXContainerItemProxy section */
		C517F03A19150C2C00ED3E07 /* PBXContainerItemProxy */ = {
			isa = PBXContainerItemProxy;
			containerPortal = C517F00919150C2C00ED3E07 /* Project object */;
			proxyType = 1;
			remoteGlobalIDString = C517F01019150C2C00ED3E07;
			remoteInfo = scanBills;
		};
		C5B797131967F230004EA970 /* PBXContainerItemProxy */ = {
			isa = PBXContainerItemProxy;
			containerPortal = C517F00919150C2C00ED3E07 /* Project object */;
			proxyType = 1;
			remoteGlobalIDString = C517F01019150C2C00ED3E07;
			remoteInfo = scanBills;
		};
		C5B797151967F234004EA970 /* PBXContainerItemProxy */ = {
			isa = PBXContainerItemProxy;
			containerPortal = C517F00919150C2C00ED3E07 /* Project object */;
			proxyType = 1;
			remoteGlobalIDString = C517F01019150C2C00ED3E07;
			remoteInfo = scanBills;
		};
/* End PBXContainerItemProxy section */

/* Begin PBXFileReference section */
		2184D228FEE84A2D91775A7D /* libPods.a */ = {isa = PBXFileReference; explicitFileType = archive.ar; includeInIndex = 0; path = libPods.a; sourceTree = BUILT_PRODUCTS_DIR; };
		76FAA25713FB4682AA7E52A7 /* Pods.xcconfig */ = {isa = PBXFileReference; includeInIndex = 1; lastKnownFileType = text.xcconfig; name = Pods.xcconfig; path = Pods/Pods.xcconfig; sourceTree = "<group>"; };
		C517F01119150C2C00ED3E07 /* scanBills.app */ = {isa = PBXFileReference; explicitFileType = wrapper.application; includeInIndex = 0; path = scanBills.app; sourceTree = BUILT_PRODUCTS_DIR; };
		C517F01419150C2C00ED3E07 /* Foundation.framework */ = {isa = PBXFileReference; lastKnownFileType = wrapper.framework; name = Foundation.framework; path = System/Library/Frameworks/Foundation.framework; sourceTree = SDKROOT; };
		C517F01619150C2C00ED3E07 /* CoreGraphics.framework */ = {isa = PBXFileReference; lastKnownFileType = wrapper.framework; name = CoreGraphics.framework; path = System/Library/Frameworks/CoreGraphics.framework; sourceTree = SDKROOT; };
		C517F01819150C2C00ED3E07 /* UIKit.framework */ = {isa = PBXFileReference; lastKnownFileType = wrapper.framework; name = UIKit.framework; path = System/Library/Frameworks/UIKit.framework; sourceTree = SDKROOT; };
		C517F01C19150C2C00ED3E07 /* scanBills-Info.plist */ = {isa = PBXFileReference; lastKnownFileType = text.plist.xml; path = "scanBills-Info.plist"; sourceTree = "<group>"; };
		C517F01E19150C2C00ED3E07 /* en */ = {isa = PBXFileReference; lastKnownFileType = text.plist.strings; name = en; path = en.lproj/InfoPlist.strings; sourceTree = "<group>"; };
		C517F02019150C2C00ED3E07 /* main.m */ = {isa = PBXFileReference; lastKnownFileType = sourcecode.c.objc; path = main.m; sourceTree = "<group>"; };
		C517F02219150C2C00ED3E07 /* scanBills-Prefix.pch */ = {isa = PBXFileReference; lastKnownFileType = sourcecode.c.h; path = "scanBills-Prefix.pch"; sourceTree = "<group>"; };
		C517F02319150C2C00ED3E07 /* DAAppDelegate.h */ = {isa = PBXFileReference; lastKnownFileType = sourcecode.c.h; path = DAAppDelegate.h; sourceTree = "<group>"; };
		C517F02419150C2C00ED3E07 /* DAAppDelegate.m */ = {isa = PBXFileReference; lastKnownFileType = sourcecode.c.objc; path = DAAppDelegate.m; sourceTree = "<group>"; };
		C517F02719150C2C00ED3E07 /* Base */ = {isa = PBXFileReference; lastKnownFileType = file.storyboard; name = Base; path = Base.lproj/Main_iPhone.storyboard; sourceTree = "<group>"; };
		C517F02A19150C2C00ED3E07 /* Base */ = {isa = PBXFileReference; lastKnownFileType = file.storyboard; name = Base; path = Base.lproj/Main_iPad.storyboard; sourceTree = "<group>"; };
		C517F02C19150C2C00ED3E07 /* DAIntroductionVC.h */ = {isa = PBXFileReference; lastKnownFileType = sourcecode.c.h; path = DAIntroductionVC.h; sourceTree = "<group>"; };
		C517F02D19150C2C00ED3E07 /* DAIntroductionVC.m */ = {isa = PBXFileReference; lastKnownFileType = sourcecode.c.objc; path = DAIntroductionVC.m; sourceTree = "<group>"; };
		C517F02F19150C2C00ED3E07 /* Images.xcassets */ = {isa = PBXFileReference; lastKnownFileType = folder.assetcatalog; path = Images.xcassets; sourceTree = "<group>"; };
		C517F03519150C2C00ED3E07 /* scanBillsTests.xctest */ = {isa = PBXFileReference; explicitFileType = wrapper.cfbundle; includeInIndex = 0; path = scanBillsTests.xctest; sourceTree = BUILT_PRODUCTS_DIR; };
		C517F03619150C2C00ED3E07 /* XCTest.framework */ = {isa = PBXFileReference; lastKnownFileType = wrapper.framework; name = XCTest.framework; path = Library/Frameworks/XCTest.framework; sourceTree = DEVELOPER_DIR; };
		C517F03E19150C2C00ED3E07 /* scanBillsTests-Info.plist */ = {isa = PBXFileReference; lastKnownFileType = text.plist.xml; path = "scanBillsTests-Info.plist"; sourceTree = "<group>"; };
		C517F04019150C2C00ED3E07 /* en */ = {isa = PBXFileReference; lastKnownFileType = text.plist.strings; name = en; path = en.lproj/InfoPlist.strings; sourceTree = "<group>"; };
		C517F04219150C2C00ED3E07 /* scanBillsTests.m */ = {isa = PBXFileReference; lastKnownFileType = sourcecode.c.objc; path = scanBillsTests.m; sourceTree = "<group>"; };
		C517F04E19150F7300ED3E07 /* DAImageCaptureVC.h */ = {isa = PBXFileReference; fileEncoding = 4; lastKnownFileType = sourcecode.c.h; path = DAImageCaptureVC.h; sourceTree = "<group>"; };
		C517F04F19150F7300ED3E07 /* DAImageCaptureVC.m */ = {isa = PBXFileReference; fileEncoding = 4; lastKnownFileType = sourcecode.c.objc; path = DAImageCaptureVC.m; sourceTree = "<group>"; };
		C517F0551915298600ED3E07 /* AVFoundation.framework */ = {isa = PBXFileReference; lastKnownFileType = wrapper.framework; name = AVFoundation.framework; path = System/Library/Frameworks/AVFoundation.framework; sourceTree = SDKROOT; };
		C517F0641915594B00ED3E07 /* scanBills.xcdatamodel */ = {isa = PBXFileReference; lastKnownFileType = wrapper.xcdatamodel; path = scanBills.xcdatamodel; sourceTree = "<group>"; };
		C517F06619159CE000ED3E07 /* DASaveMyBillsVC.h */ = {isa = PBXFileReference; fileEncoding = 4; lastKnownFileType = sourcecode.c.h; path = DASaveMyBillsVC.h; sourceTree = "<group>"; };
		C517F06719159CE000ED3E07 /* DASaveMyBillsVC.m */ = {isa = PBXFileReference; fileEncoding = 4; lastKnownFileType = sourcecode.c.objc; path = DASaveMyBillsVC.m; sourceTree = "<group>"; };
		C517F0691916BC7D00ED3E07 /* _Bills.h */ = {isa = PBXFileReference; fileEncoding = 4; lastKnownFileType = sourcecode.c.h; path = _Bills.h; sourceTree = "<group>"; };
		C517F06A1916BC7D00ED3E07 /* _Bills.m */ = {isa = PBXFileReference; fileEncoding = 4; lastKnownFileType = sourcecode.c.objc; path = _Bills.m; sourceTree = "<group>"; };
		C517F06B1916BC7D00ED3E07 /* _StoreMaster.h */ = {isa = PBXFileReference; fileEncoding = 4; lastKnownFileType = sourcecode.c.h; path = _StoreMaster.h; sourceTree = "<group>"; };
		C517F06C1916BC7D00ED3E07 /* _StoreMaster.m */ = {isa = PBXFileReference; fileEncoding = 4; lastKnownFileType = sourcecode.c.objc; path = _StoreMaster.m; sourceTree = "<group>"; };
		C517F06D1916BC7D00ED3E07 /* Bills.h */ = {isa = PBXFileReference; fileEncoding = 4; lastKnownFileType = sourcecode.c.h; path = Bills.h; sourceTree = "<group>"; };
		C517F06E1916BC7D00ED3E07 /* Bills.m */ = {isa = PBXFileReference; fileEncoding = 4; lastKnownFileType = sourcecode.c.objc; path = Bills.m; sourceTree = "<group>"; };
		C517F06F1916BC7D00ED3E07 /* StoreMaster.h */ = {isa = PBXFileReference; fileEncoding = 4; lastKnownFileType = sourcecode.c.h; path = StoreMaster.h; sourceTree = "<group>"; };
		C517F0701916BC7D00ED3E07 /* StoreMaster.m */ = {isa = PBXFileReference; fileEncoding = 4; lastKnownFileType = sourcecode.c.objc; path = StoreMaster.m; sourceTree = "<group>"; };
		C517F0751917974E00ED3E07 /* DACoreDataHandler.h */ = {isa = PBXFileReference; fileEncoding = 4; lastKnownFileType = sourcecode.c.h; path = DACoreDataHandler.h; sourceTree = "<group>"; };
		C517F0761917974F00ED3E07 /* DACoreDataHandler.m */ = {isa = PBXFileReference; fileEncoding = 4; lastKnownFileType = sourcecode.c.objc; path = DACoreDataHandler.m; sourceTree = "<group>"; };
		C5A82E45191F63E400F4D9AB /* NSManagedObjectContext+ContextSwitching.m */ = {isa = PBXFileReference; fileEncoding = 4; lastKnownFileType = sourcecode.c.objc; path = "NSManagedObjectContext+ContextSwitching.m"; sourceTree = "<group>"; };
		C5A82E46191F63E400F4D9AB /* NSManagedObjectContext+ContextSwitching.h */ = {isa = PBXFileReference; fileEncoding = 4; lastKnownFileType = sourcecode.c.h; path = "NSManagedObjectContext+ContextSwitching.h"; sourceTree = "<group>"; };
		C5A82E48191F708700F4D9AB /* DAStoreListVC.h */ = {isa = PBXFileReference; fileEncoding = 4; lastKnownFileType = sourcecode.c.h; path = DAStoreListVC.h; sourceTree = "<group>"; };
		C5A82E49191F708700F4D9AB /* DAStoreListVC.m */ = {isa = PBXFileReference; fileEncoding = 4; lastKnownFileType = sourcecode.c.objc; path = DAStoreListVC.m; sourceTree = "<group>"; };
		C5A82E4B191F9C6E00F4D9AB /* DAShowAlert.h */ = {isa = PBXFileReference; fileEncoding = 4; lastKnownFileType = sourcecode.c.h; path = DAShowAlert.h; sourceTree = "<group>"; };
		C5A82E4C191F9C6E00F4D9AB /* DAShowAlert.m */ = {isa = PBXFileReference; fileEncoding = 4; lastKnownFileType = sourcecode.c.objc; path = DAShowAlert.m; sourceTree = "<group>"; };
		C5A82E4E191FDC5B00F4D9AB /* DABillDetailVC.h */ = {isa = PBXFileReference; fileEncoding = 4; lastKnownFileType = sourcecode.c.h; path = DABillDetailVC.h; sourceTree = "<group>"; };
		C5A82E4F191FDC5B00F4D9AB /* DABillDetailVC.m */ = {isa = PBXFileReference; fileEncoding = 4; lastKnownFileType = sourcecode.c.objc; path = DABillDetailVC.m; sourceTree = "<group>"; };
		C5C84F5C19216739009221F4 /* Placeholder.png */ = {isa = PBXFileReference; lastKnownFileType = image.png; path = Placeholder.png; sourceTree = "<group>"; };
		C5C84F5E1923FAA0009221F4 /* DASingleViewDetailVC.h */ = {isa = PBXFileReference; fileEncoding = 4; lastKnownFileType = sourcecode.c.h; path = DASingleViewDetailVC.h; sourceTree = "<group>"; };
		C5C84F5F1923FAA0009221F4 /* DASingleViewDetailVC.m */ = {isa = PBXFileReference; fileEncoding = 4; lastKnownFileType = sourcecode.c.objc; path = DASingleViewDetailVC.m; sourceTree = "<group>"; };
		C5C84F61192779E1009221F4 /* photo-frame-2.png */ = {isa = PBXFileReference; lastKnownFileType = image.png; path = "photo-frame-2.png"; sourceTree = "<group>"; };
		C5C84F62192779E1009221F4 /* photo-frame.png */ = {isa = PBXFileReference; lastKnownFileType = image.png; path = "photo-frame.png"; sourceTree = "<group>"; };
		C5C84F63192779E1009221F4 /* pic_frame.png */ = {isa = PBXFileReference; lastKnownFileType = image.png; path = pic_frame.png; sourceTree = "<group>"; };
		C5C84F6719277B19009221F4 /* footer_banner.png */ = {isa = PBXFileReference; lastKnownFileType = image.png; path = footer_banner.png; sourceTree = "<group>"; };
		C5C84F6919278105009221F4 /* DABillViewCell.h */ = {isa = PBXFileReference; fileEncoding = 4; lastKnownFileType = sourcecode.c.h; path = DABillViewCell.h; sourceTree = "<group>"; };
		C5C84F6A19278105009221F4 /* DABillViewCell.m */ = {isa = PBXFileReference; fileEncoding = 4; lastKnownFileType = sourcecode.c.objc; path = DABillViewCell.m; sourceTree = "<group>"; };
/* End PBXFileReference section */

/* Begin PBXFrameworksBuildPhase section */
		C517F00E19150C2C00ED3E07 /* Frameworks */ = {
			isa = PBXFrameworksBuildPhase;
			buildActionMask = 2147483647;
			files = (
				C517F0561915298600ED3E07 /* AVFoundation.framework in Frameworks */,
				C517F01719150C2C00ED3E07 /* CoreGraphics.framework in Frameworks */,
				C517F01919150C2C00ED3E07 /* UIKit.framework in Frameworks */,
				C517F01519150C2C00ED3E07 /* Foundation.framework in Frameworks */,
				34955CD29975477FAC2BC405 /* libPods.a in Frameworks */,
			);
			runOnlyForDeploymentPostprocessing = 0;
		};
		C517F03219150C2C00ED3E07 /* Frameworks */ = {
			isa = PBXFrameworksBuildPhase;
			buildActionMask = 2147483647;
			files = (
				C517F03719150C2C00ED3E07 /* XCTest.framework in Frameworks */,
				C517F03919150C2C00ED3E07 /* UIKit.framework in Frameworks */,
				C517F03819150C2C00ED3E07 /* Foundation.framework in Frameworks */,
			);
			runOnlyForDeploymentPostprocessing = 0;
		};
/* End PBXFrameworksBuildPhase section */

/* Begin PBXGroup section */
		C517F00819150C2C00ED3E07 = {
			isa = PBXGroup;
			children = (
				C517F0621915594B00ED3E07 /* Model */,
				C517F01A19150C2C00ED3E07 /* scanBills */,
				C517F03C19150C2C00ED3E07 /* scanBillsTests */,
				C517F01319150C2C00ED3E07 /* Frameworks */,
				C517F01219150C2C00ED3E07 /* Products */,
				76FAA25713FB4682AA7E52A7 /* Pods.xcconfig */,
			);
			sourceTree = "<group>";
		};
		C517F01219150C2C00ED3E07 /* Products */ = {
			isa = PBXGroup;
			children = (
				C517F01119150C2C00ED3E07 /* scanBills.app */,
				C517F03519150C2C00ED3E07 /* scanBillsTests.xctest */,
			);
			name = Products;
			sourceTree = "<group>";
		};
		C517F01319150C2C00ED3E07 /* Frameworks */ = {
			isa = PBXGroup;
			children = (
				C517F0551915298600ED3E07 /* AVFoundation.framework */,
				C517F01419150C2C00ED3E07 /* Foundation.framework */,
				C517F01619150C2C00ED3E07 /* CoreGraphics.framework */,
				C517F01819150C2C00ED3E07 /* UIKit.framework */,
				C517F03619150C2C00ED3E07 /* XCTest.framework */,
				2184D228FEE84A2D91775A7D /* libPods.a */,
			);
			name = Frameworks;
			sourceTree = "<group>";
		};
		C517F01A19150C2C00ED3E07 /* scanBills */ = {
			isa = PBXGroup;
			children = (
				C517F05119150F9000ED3E07 /* Views */,
				C517F04D19150C7600ED3E07 /* Navigation */,
				C517F04C19150C3B00ED3E07 /* Project files */,
				C517F02F19150C2C00ED3E07 /* Images.xcassets */,
				C517F01B19150C2C00ED3E07 /* Supporting Files */,
			);
			path = scanBills;
			sourceTree = "<group>";
		};
		C517F01B19150C2C00ED3E07 /* Supporting Files */ = {
			isa = PBXGroup;
			children = (
				C517F01C19150C2C00ED3E07 /* scanBills-Info.plist */,
				C517F01D19150C2C00ED3E07 /* InfoPlist.strings */,
				C517F02019150C2C00ED3E07 /* main.m */,
				C517F02219150C2C00ED3E07 /* scanBills-Prefix.pch */,
			);
			name = "Supporting Files";
			sourceTree = "<group>";
		};
		C517F03C19150C2C00ED3E07 /* scanBillsTests */ = {
			isa = PBXGroup;
			children = (
				C517F04219150C2C00ED3E07 /* scanBillsTests.m */,
				C517F03D19150C2C00ED3E07 /* Supporting Files */,
			);
			path = scanBillsTests;
			sourceTree = "<group>";
		};
		C517F03D19150C2C00ED3E07 /* Supporting Files */ = {
			isa = PBXGroup;
			children = (
				C517F03E19150C2C00ED3E07 /* scanBillsTests-Info.plist */,
				C517F03F19150C2C00ED3E07 /* InfoPlist.strings */,
			);
			name = "Supporting Files";
			sourceTree = "<group>";
		};
		C517F04C19150C3B00ED3E07 /* Project files */ = {
			isa = PBXGroup;
			children = (
				C517F02319150C2C00ED3E07 /* DAAppDelegate.h */,
				C517F02419150C2C00ED3E07 /* DAAppDelegate.m */,
			);
			name = "Project files";
			sourceTree = "<group>";
		};
		C517F04D19150C7600ED3E07 /* Navigation */ = {
			isa = PBXGroup;
			children = (
				C517F02619150C2C00ED3E07 /* Main_iPhone.storyboard */,
				C517F02919150C2C00ED3E07 /* Main_iPad.storyboard */,
			);
			name = Navigation;
			sourceTree = "<group>";
		};
		C517F05119150F9000ED3E07 /* Views */ = {
			isa = PBXGroup;
			children = (
				C517F02C19150C2C00ED3E07 /* DAIntroductionVC.h */,
				C517F02D19150C2C00ED3E07 /* DAIntroductionVC.m */,
				C517F04E19150F7300ED3E07 /* DAImageCaptureVC.h */,
				C517F04F19150F7300ED3E07 /* DAImageCaptureVC.m */,
				C517F06619159CE000ED3E07 /* DASaveMyBillsVC.h */,
				C517F06719159CE000ED3E07 /* DASaveMyBillsVC.m */,
				C5A82E48191F708700F4D9AB /* DAStoreListVC.h */,
				C5A82E49191F708700F4D9AB /* DAStoreListVC.m */,
				C5A82E4B191F9C6E00F4D9AB /* DAShowAlert.h */,
				C5A82E4C191F9C6E00F4D9AB /* DAShowAlert.m */,
				C5A82E4E191FDC5B00F4D9AB /* DABillDetailVC.h */,
				C5A82E4F191FDC5B00F4D9AB /* DABillDetailVC.m */,
				C5C84F5E1923FAA0009221F4 /* DASingleViewDetailVC.h */,
				C5C84F5F1923FAA0009221F4 /* DASingleViewDetailVC.m */,
				C5C84F6919278105009221F4 /* DABillViewCell.h */,
				C5C84F6A19278105009221F4 /* DABillViewCell.m */,
			);
			name = Views;
			sourceTree = "<group>";
		};
		C517F0621915594B00ED3E07 /* Model */ = {
			isa = PBXGroup;
			children = (
				C5A82E51191FEB5600F4D9AB /* Resource */,
				C5A82E45191F63E400F4D9AB /* NSManagedObjectContext+ContextSwitching.m */,
				C5A82E46191F63E400F4D9AB /* NSManagedObjectContext+ContextSwitching.h */,
				C517F0691916BC7D00ED3E07 /* _Bills.h */,
				C517F06A1916BC7D00ED3E07 /* _Bills.m */,
				C517F06B1916BC7D00ED3E07 /* _StoreMaster.h */,
				C517F06C1916BC7D00ED3E07 /* _StoreMaster.m */,
				C517F06D1916BC7D00ED3E07 /* Bills.h */,
				C517F06E1916BC7D00ED3E07 /* Bills.m */,
				C517F06F1916BC7D00ED3E07 /* StoreMaster.h */,
				C517F0701916BC7D00ED3E07 /* StoreMaster.m */,
				C517F0631915594B00ED3E07 /* scanBills.xcdatamodeld */,
				C517F0751917974E00ED3E07 /* DACoreDataHandler.h */,
				C517F0761917974F00ED3E07 /* DACoreDataHandler.m */,
			);
			name = Model;
			path = scanBills/Model;
			sourceTree = "<group>";
		};
		C5A82E51191FEB5600F4D9AB /* Resource */ = {
			isa = PBXGroup;
			children = (
				C5C84F5B19216739009221F4 /* Images  */,
			);
			name = Resource;
			path = scanBills/Resource;
			sourceTree = SOURCE_ROOT;
		};
		C5C84F5B19216739009221F4 /* Images  */ = {
			isa = PBXGroup;
			children = (
				C5C84F6719277B19009221F4 /* footer_banner.png */,
				C5C84F61192779E1009221F4 /* photo-frame-2.png */,
				C5C84F62192779E1009221F4 /* photo-frame.png */,
				C5C84F63192779E1009221F4 /* pic_frame.png */,
				C5C84F5C19216739009221F4 /* Placeholder.png */,
			);
			name = "Images ";
			path = "scanBills/Images ";
			sourceTree = SOURCE_ROOT;
		};
/* End PBXGroup section */

/* Begin PBXNativeTarget section */
		C517F01019150C2C00ED3E07 /* scanBills */ = {
			isa = PBXNativeTarget;
			buildConfigurationList = C517F04619150C2C00ED3E07 /* Build configuration list for PBXNativeTarget "scanBills" */;
			buildPhases = (
				BAC82C809A214867AEC88AE4 /* Check Pods Manifest.lock */,
				C517F00D19150C2C00ED3E07 /* Sources */,
				C517F00E19150C2C00ED3E07 /* Frameworks */,
				C517F00F19150C2C00ED3E07 /* Resources */,
				3132E5E575454A3296B0F831 /* Copy Pods Resources */,
			);
			buildRules = (
			);
			dependencies = (
			);
			name = scanBills;
			productName = scanBills;
			productReference = C517F01119150C2C00ED3E07 /* scanBills.app */;
			productType = "com.apple.product-type.application";
		};
		C517F03419150C2C00ED3E07 /* scanBillsTests */ = {
			isa = PBXNativeTarget;
			buildConfigurationList = C517F04919150C2C00ED3E07 /* Build configuration list for PBXNativeTarget "scanBillsTests" */;
			buildPhases = (
				C517F03119150C2C00ED3E07 /* Sources */,
				C517F03219150C2C00ED3E07 /* Frameworks */,
				C517F03319150C2C00ED3E07 /* Resources */,
			);
			buildRules = (
			);
			dependencies = (
				C517F03B19150C2C00ED3E07 /* PBXTargetDependency */,
				C5B797141967F230004EA970 /* PBXTargetDependency */,
				C5B797161967F234004EA970 /* PBXTargetDependency */,
			);
			name = scanBillsTests;
			productName = scanBillsTests;
			productReference = C517F03519150C2C00ED3E07 /* scanBillsTests.xctest */;
			productType = "com.apple.product-type.bundle.unit-test";
		};
/* End PBXNativeTarget section */

/* Begin PBXProject section */
		C517F00919150C2C00ED3E07 /* Project object */ = {
			isa = PBXProject;
			attributes = {
				CLASSPREFIX = DA;
				LastUpgradeCheck = 0510;
				ORGANIZATIONNAME = "Suman Chatterjee";
				TargetAttributes = {
					C517F03419150C2C00ED3E07 = {
						TestTargetID = C517F01019150C2C00ED3E07;
					};
				};
			};
			buildConfigurationList = C517F00C19150C2C00ED3E07 /* Build configuration list for PBXProject "scanBills" */;
			compatibilityVersion = "Xcode 3.2";
			developmentRegion = English;
			hasScannedForEncodings = 0;
			knownRegions = (
				en,
				Base,
			);
			mainGroup = C517F00819150C2C00ED3E07;
			productRefGroup = C517F01219150C2C00ED3E07 /* Products */;
			projectDirPath = "";
			projectRoot = "";
			targets = (
				C517F01019150C2C00ED3E07 /* scanBills */,
				C517F03419150C2C00ED3E07 /* scanBillsTests */,
				C517F0571915388D00ED3E07 /* Mogenerator */,
			);
		};
/* End PBXProject section */

/* Begin PBXResourcesBuildPhase section */
		C517F00F19150C2C00ED3E07 /* Resources */ = {
			isa = PBXResourcesBuildPhase;
			buildActionMask = 2147483647;
			files = (
				C5C84F5D19216739009221F4 /* Placeholder.png in Resources */,
				C517F02B19150C2C00ED3E07 /* Main_iPad.storyboard in Resources */,
				C517F03019150C2C00ED3E07 /* Images.xcassets in Resources */,
				C5C84F64192779E1009221F4 /* photo-frame-2.png in Resources */,
				C517F02819150C2C00ED3E07 /* Main_iPhone.storyboard in Resources */,
				C517F01F19150C2C00ED3E07 /* InfoPlist.strings in Resources */,
				C5C84F6819277B19009221F4 /* footer_banner.png in Resources */,
				C5C84F66192779E1009221F4 /* pic_frame.png in Resources */,
				C5C84F65192779E1009221F4 /* photo-frame.png in Resources */,
			);
			runOnlyForDeploymentPostprocessing = 0;
		};
		C517F03319150C2C00ED3E07 /* Resources */ = {
			isa = PBXResourcesBuildPhase;
			buildActionMask = 2147483647;
			files = (
				C517F04119150C2C00ED3E07 /* InfoPlist.strings in Resources */,
			);
			runOnlyForDeploymentPostprocessing = 0;
		};
/* End PBXResourcesBuildPhase section */

/* Begin PBXShellScriptBuildPhase section */
		3132E5E575454A3296B0F831 /* Copy Pods Resources */ = {
			isa = PBXShellScriptBuildPhase;
			buildActionMask = 2147483647;
			files = (
			);
			inputPaths = (
			);
			name = "Copy Pods Resources";
			outputPaths = (
			);
			runOnlyForDeploymentPostprocessing = 0;
			shellPath = /bin/sh;
			shellScript = "\"${SRCROOT}/Pods/Pods-resources.sh\"\n";
			showEnvVarsInLog = 0;
		};
		BAC82C809A214867AEC88AE4 /* Check Pods Manifest.lock */ = {
			isa = PBXShellScriptBuildPhase;
			buildActionMask = 2147483647;
			files = (
			);
			inputPaths = (
			);
			name = "Check Pods Manifest.lock";
			outputPaths = (
			);
			runOnlyForDeploymentPostprocessing = 0;
			shellPath = /bin/sh;
			shellScript = "diff \"${PODS_ROOT}/../Podfile.lock\" \"${PODS_ROOT}/Manifest.lock\" > /dev/null\nif [[ $? != 0 ]] ; then\n    cat << EOM\nerror: The sandbox is not in sync with the Podfile.lock. Run 'pod install' or update your CocoaPods installation.\nEOM\n    exit 1\nfi\n";
			showEnvVarsInLog = 0;
		};
		C517F05B191538B500ED3E07 /* ShellScript */ = {
			isa = PBXShellScriptBuildPhase;
			buildActionMask = 2147483647;
			files = (
			);
			inputPaths = (
			);
			outputPaths = (
			);
			runOnlyForDeploymentPostprocessing = 0;
			shellPath = /bin/sh;
			shellScript = "/usr/local/bin/mogenerator -m scanBills/Model/scanBills.xcdatamodeld/scanBills.xcdatamodel -O scanBills/Model --template-var arc=true";
		};
/* End PBXShellScriptBuildPhase section */

/* Begin PBXSourcesBuildPhase section */
		C517F00D19150C2C00ED3E07 /* Sources */ = {
			isa = PBXSourcesBuildPhase;
			buildActionMask = 2147483647;
			files = (
				C517F02119150C2C00ED3E07 /* main.m in Sources */,
				C517F0741916BC7D00ED3E07 /* StoreMaster.m in Sources */,
				C5A82E4D191F9C6E00F4D9AB /* DAShowAlert.m in Sources */,
				C517F0721916BC7D00ED3E07 /* _StoreMaster.m in Sources */,
				C5A82E50191FDC5B00F4D9AB /* DABillDetailVC.m in Sources */,
				C517F0711916BC7D00ED3E07 /* _Bills.m in Sources */,
				C517F0731916BC7D00ED3E07 /* Bills.m in Sources */,
				C517F0771917974F00ED3E07 /* DACoreDataHandler.m in Sources */,
				C5A82E47191F63E500F4D9AB /* NSManagedObjectContext+ContextSwitching.m in Sources */,
				C517F06819159CE000ED3E07 /* DASaveMyBillsVC.m in Sources */,
				C517F02E19150C2C00ED3E07 /* DAIntroductionVC.m in Sources */,
				C5A82E4A191F708700F4D9AB /* DAStoreListVC.m in Sources */,
				C517F05019150F7300ED3E07 /* DAImageCaptureVC.m in Sources */,
				C5C84F6B19278105009221F4 /* DABillViewCell.m in Sources */,
				C517F02519150C2C00ED3E07 /* DAAppDelegate.m in Sources */,
				C517F0651915594B00ED3E07 /* scanBills.xcdatamodeld in Sources */,
				C5C84F601923FAA0009221F4 /* DASingleViewDetailVC.m in Sources */,
			);
			runOnlyForDeploymentPostprocessing = 0;
		};
		C517F03119150C2C00ED3E07 /* Sources */ = {
			isa = PBXSourcesBuildPhase;
			buildActionMask = 2147483647;
			files = (
				C517F04319150C2C00ED3E07 /* scanBillsTests.m in Sources */,
			);
			runOnlyForDeploymentPostprocessing = 0;
		};
/* End PBXSourcesBuildPhase section */

/* Begin PBXTargetDependency section */
		C517F03B19150C2C00ED3E07 /* PBXTargetDependency */ = {
			isa = PBXTargetDependency;
			target = C517F01019150C2C00ED3E07 /* scanBills */;
			targetProxy = C517F03A19150C2C00ED3E07 /* PBXContainerItemProxy */;
		};
		C5B797141967F230004EA970 /* PBXTargetDependency */ = {
			isa = PBXTargetDependency;
			target = C517F01019150C2C00ED3E07 /* scanBills */;
			targetProxy = C5B797131967F230004EA970 /* PBXContainerItemProxy */;
		};
		C5B797161967F234004EA970 /* PBXTargetDependency */ = {
			isa = PBXTargetDependency;
			target = C517F01019150C2C00ED3E07 /* scanBills */;
			targetProxy = C5B797151967F234004EA970 /* PBXContainerItemProxy */;
		};
/* End PBXTargetDependency section */

/* Begin PBXVariantGroup section */
		C517F01D19150C2C00ED3E07 /* InfoPlist.strings */ = {
			isa = PBXVariantGroup;
			children = (
				C517F01E19150C2C00ED3E07 /* en */,
			);
			name = InfoPlist.strings;
			sourceTree = "<group>";
		};
		C517F02619150C2C00ED3E07 /* Main_iPhone.storyboard */ = {
			isa = PBXVariantGroup;
			children = (
				C517F02719150C2C00ED3E07 /* Base */,
			);
			name = Main_iPhone.storyboard;
			sourceTree = "<group>";
		};
		C517F02919150C2C00ED3E07 /* Main_iPad.storyboard */ = {
			isa = PBXVariantGroup;
			children = (
				C517F02A19150C2C00ED3E07 /* Base */,
			);
			name = Main_iPad.storyboard;
			sourceTree = "<group>";
		};
		C517F03F19150C2C00ED3E07 /* InfoPlist.strings */ = {
			isa = PBXVariantGroup;
			children = (
				C517F04019150C2C00ED3E07 /* en */,
			);
			name = InfoPlist.strings;
			sourceTree = "<group>";
		};
/* End PBXVariantGroup section */

/* Begin XCBuildConfiguration section */
		C517F04419150C2C00ED3E07 /* Debug */ = {
			isa = XCBuildConfiguration;
			buildSettings = {
				ALWAYS_SEARCH_USER_PATHS = NO;
				CLANG_CXX_LANGUAGE_STANDARD = "gnu++0x";
				CLANG_CXX_LIBRARY = "libc++";
				CLANG_ENABLE_MODULES = YES;
				CLANG_ENABLE_OBJC_ARC = YES;
				CLANG_WARN_BOOL_CONVERSION = YES;
				CLANG_WARN_CONSTANT_CONVERSION = YES;
				CLANG_WARN_DIRECT_OBJC_ISA_USAGE = YES_ERROR;
				CLANG_WARN_EMPTY_BODY = YES;
				CLANG_WARN_ENUM_CONVERSION = YES;
				CLANG_WARN_INT_CONVERSION = YES;
				CLANG_WARN_OBJC_ROOT_CLASS = YES_ERROR;
				CLANG_WARN__DUPLICATE_METHOD_MATCH = YES;
				"CODE_SIGN_IDENTITY[sdk=iphoneos*]" = "iPhone Developer";
				COPY_PHASE_STRIP = NO;
				GCC_C_LANGUAGE_STANDARD = gnu99;
				GCC_DYNAMIC_NO_PIC = NO;
				GCC_OPTIMIZATION_LEVEL = 0;
				GCC_PREPROCESSOR_DEFINITIONS = (
					"DEBUG=1",
					"$(inherited)",
				);
				GCC_SYMBOLS_PRIVATE_EXTERN = NO;
				GCC_WARN_64_TO_32_BIT_CONVERSION = YES;
				GCC_WARN_ABOUT_RETURN_TYPE = YES_ERROR;
				GCC_WARN_UNDECLARED_SELECTOR = YES;
				GCC_WARN_UNINITIALIZED_AUTOS = YES_AGGRESSIVE;
				GCC_WARN_UNUSED_FUNCTION = YES;
				GCC_WARN_UNUSED_VARIABLE = YES;
				IPHONEOS_DEPLOYMENT_TARGET = 7.1;
				ONLY_ACTIVE_ARCH = YES;
				SDKROOT = iphoneos;
				TARGETED_DEVICE_FAMILY = "1,2";
			};
			name = Debug;
		};
		C517F04519150C2C00ED3E07 /* Release */ = {
			isa = XCBuildConfiguration;
			buildSettings = {
				ALWAYS_SEARCH_USER_PATHS = NO;
				CLANG_CXX_LANGUAGE_STANDARD = "gnu++0x";
				CLANG_CXX_LIBRARY = "libc++";
				CLANG_ENABLE_MODULES = YES;
				CLANG_ENABLE_OBJC_ARC = YES;
				CLANG_WARN_BOOL_CONVERSION = YES;
				CLANG_WARN_CONSTANT_CONVERSION = YES;
				CLANG_WARN_DIRECT_OBJC_ISA_USAGE = YES_ERROR;
				CLANG_WARN_EMPTY_BODY = YES;
				CLANG_WARN_ENUM_CONVERSION = YES;
				CLANG_WARN_INT_CONVERSION = YES;
				CLANG_WARN_OBJC_ROOT_CLASS = YES_ERROR;
				CLANG_WARN__DUPLICATE_METHOD_MATCH = YES;
				"CODE_SIGN_IDENTITY[sdk=iphoneos*]" = "iPhone Developer";
				COPY_PHASE_STRIP = YES;
				ENABLE_NS_ASSERTIONS = NO;
				GCC_C_LANGUAGE_STANDARD = gnu99;
				GCC_WARN_64_TO_32_BIT_CONVERSION = YES;
				GCC_WARN_ABOUT_RETURN_TYPE = YES_ERROR;
				GCC_WARN_UNDECLARED_SELECTOR = YES;
				GCC_WARN_UNINITIALIZED_AUTOS = YES_AGGRESSIVE;
				GCC_WARN_UNUSED_FUNCTION = YES;
				GCC_WARN_UNUSED_VARIABLE = YES;
				IPHONEOS_DEPLOYMENT_TARGET = 7.1;
				SDKROOT = iphoneos;
				TARGETED_DEVICE_FAMILY = "1,2";
				VALIDATE_PRODUCT = YES;
			};
			name = Release;
		};
		C517F04719150C2C00ED3E07 /* Debug */ = {
			isa = XCBuildConfiguration;
			baseConfigurationReference = 76FAA25713FB4682AA7E52A7 /* Pods.xcconfig */;
			buildSettings = {
				ASSETCATALOG_COMPILER_APPICON_NAME = AppIcon;
				ASSETCATALOG_COMPILER_LAUNCHIMAGE_NAME = LaunchImage;
				GCC_PRECOMPILE_PREFIX_HEADER = YES;
				GCC_PREFIX_HEADER = "scanBills/scanBills-Prefix.pch";
				INFOPLIST_FILE = "scanBills/scanBills-Info.plist";
				PRODUCT_NAME = "$(TARGET_NAME)";
				WRAPPER_EXTENSION = app;
			};
			name = Debug;
		};
		C517F04819150C2C00ED3E07 /* Release */ = {
			isa = XCBuildConfiguration;
			baseConfigurationReference = 76FAA25713FB4682AA7E52A7 /* Pods.xcconfig */;
			buildSettings = {
				ASSETCATALOG_COMPILER_APPICON_NAME = AppIcon;
				ASSETCATALOG_COMPILER_LAUNCHIMAGE_NAME = LaunchImage;
				GCC_PRECOMPILE_PREFIX_HEADER = YES;
				GCC_PREFIX_HEADER = "scanBills/scanBills-Prefix.pch";
				INFOPLIST_FILE = "scanBills/scanBills-Info.plist";
				PRODUCT_NAME = "$(TARGET_NAME)";
				WRAPPER_EXTENSION = app;
			};
			name = Release;
		};
		C517F04A19150C2C00ED3E07 /* Debug */ = {
			isa = XCBuildConfiguration;
			buildSettings = {
				BUNDLE_LOADER = "$(BUILT_PRODUCTS_DIR)/scanBills.app/scanBills";
				FRAMEWORK_SEARCH_PATHS = (
					"$(SDKROOT)/Developer/Library/Frameworks",
					"$(inherited)",
					"$(DEVELOPER_FRAMEWORKS_DIR)",
				);
				GCC_PRECOMPILE_PREFIX_HEADER = YES;
				GCC_PREFIX_HEADER = "scanBills/scanBills-Prefix.pch";
				GCC_PREPROCESSOR_DEFINITIONS = (
					"DEBUG=1",
					"$(inherited)",
				);
				INFOPLIST_FILE = "scanBillsTests/scanBillsTests-Info.plist";
				PRODUCT_NAME = "$(TARGET_NAME)";
				TEST_HOST = "$(BUNDLE_LOADER)";
				WRAPPER_EXTENSION = xctest;
			};
			name = Debug;
		};
		C517F04B19150C2C00ED3E07 /* Release */ = {
			isa = XCBuildConfiguration;
			buildSettings = {
				BUNDLE_LOADER = "$(BUILT_PRODUCTS_DIR)/scanBills.app/scanBills";
				FRAMEWORK_SEARCH_PATHS = (
					"$(SDKROOT)/Developer/Library/Frameworks",
					"$(inherited)",
					"$(DEVELOPER_FRAMEWORKS_DIR)",
				);
				GCC_PRECOMPILE_PREFIX_HEADER = YES;
				GCC_PREFIX_HEADER = "scanBills/scanBills-Prefix.pch";
				INFOPLIST_FILE = "scanBillsTests/scanBillsTests-Info.plist";
				PRODUCT_NAME = "$(TARGET_NAME)";
				TEST_HOST = "$(BUNDLE_LOADER)";
				WRAPPER_EXTENSION = xctest;
			};
			name = Release;
		};
		C517F0591915388D00ED3E07 /* Debug */ = {
			isa = XCBuildConfiguration;
			buildSettings = {
				PRODUCT_NAME = "$(TARGET_NAME)";
			};
			name = Debug;
		};
		C517F05A1915388D00ED3E07 /* Release */ = {
			isa = XCBuildConfiguration;
			buildSettings = {
				PRODUCT_NAME = "$(TARGET_NAME)";
			};
			name = Release;
		};
/* End XCBuildConfiguration section */

/* Begin XCConfigurationList section */
		C517F00C19150C2C00ED3E07 /* Build configuration list for PBXProject "scanBills" */ = {
			isa = XCConfigurationList;
			buildConfigurations = (
				C517F04419150C2C00ED3E07 /* Debug */,
				C517F04519150C2C00ED3E07 /* Release */,
			);
			defaultConfigurationIsVisible = 0;
			defaultConfigurationName = Release;
		};
		C517F04619150C2C00ED3E07 /* Build configuration list for PBXNativeTarget "scanBills" */ = {
			isa = XCConfigurationList;
			buildConfigurations = (
				C517F04719150C2C00ED3E07 /* Debug */,
				C517F04819150C2C00ED3E07 /* Release */,
			);
			defaultConfigurationIsVisible = 0;
			defaultConfigurationName = Release;
		};
		C517F04919150C2C00ED3E07 /* Build configuration list for PBXNativeTarget "scanBillsTests" */ = {
			isa = XCConfigurationList;
			buildConfigurations = (
				C517F04A19150C2C00ED3E07 /* Debug */,
				C517F04B19150C2C00ED3E07 /* Release */,
			);
			defaultConfigurationIsVisible = 0;
			defaultConfigurationName = Release;
		};
		C517F0581915388D00ED3E07 /* Build configuration list for PBXAggregateTarget "Mogenerator" */ = {
			isa = XCConfigurationList;
			buildConfigurations = (
				C517F0591915388D00ED3E07 /* Debug */,
				C517F05A1915388D00ED3E07 /* Release */,
			);
			defaultConfigurationIsVisible = 0;
			defaultConfigurationName = Release;
		};
/* End XCConfigurationList section */

/* Begin XCVersionGroup section */
		C517F0631915594B00ED3E07 /* scanBills.xcdatamodeld */ = {
			isa = XCVersionGroup;
			children = (
				C517F0641915594B00ED3E07 /* scanBills.xcdatamodel */,
			);
			currentVersion = C517F0641915594B00ED3E07 /* scanBills.xcdatamodel */;
			path = scanBills.xcdatamodeld;
			sourceTree = "<group>";
			versionGroupType = wrapper.xcdatamodel;
		};
/* End XCVersionGroup section */
	};
	rootObject = C517F00919150C2C00ED3E07 /* Project object */;
}
